{
  "originHash" : "114ced59a5927c21d6bab0349ca2a15805df1bd61f6f22b97136087c3988ae4e",
  "pins" : [
    {
      "identity" : "supportpackage",
      "kind" : "remoteSourceControl",
      "location" : "https://github.com/raskavil/SupportPackage",
      "state" : {
        "branch" : "main",
        "revision" : "28ee7dcac56ff60a1048b99307f898e53fb37a38"
      }
    }
  ],
  "version" : 3
}
